PODS:
  - MJObjection/Common (1.7.0)
  - MJObjection/Swift (1.7.0):
    - MJObjection/Common

DEPENDENCIES:
  - MJObjection/Swift (from `../`)

EXTERNAL SOURCES:
  MJObjection:
    :path: ../

SPEC CHECKSUMS:
  MJObjection: 0437f73de2742dffed419cb7e181d3c3eb360e7c

PODFILE CHECKSUM: 5b9970646afaa166a15ab33395df525cceff1083

COCOAPODS: 1.4.0
